
Microsoft Visual Studio Solution File, Format Version 12.00
# Visual Studio Version 16
VisualStudioVersion = 16.0.28803.202
MinimumVisualStudioVersion = 10.0.40219.1
Project("{FAE04EC0-301F-11D3-BF4B-00C04F79EFBC}") = "newWPF_Aplication", "newWPF_Aplication.csproj", "{6ED58CEF-D6D3-4242-9D0D-89822DDA21F3}"
EndProject
Global
	GlobalSection(SolutionConfigurationPlatforms) = preSolution
		Debug|Any CPU = Debug|Any CPU
		Release|Any CPU = Release|Any CPU
	EndGlobalSection
	GlobalSection(ProjectConfigurationPlatforms) = postSolution
		{6ED58CEF-D6D3-4242-9D0D-89822DDA21F3}.Debug|Any CPU.ActiveCfg = Debug|Any CPU
		{6ED58CEF-D6D3-4242-9D0D-89822DDA21F3}.Debug|Any CPU.Build.0 = Debug|Any CPU
		{6ED58CEF-D6D3-4242-9D0D-89822DDA21F3}.Release|Any CPU.ActiveCfg = Release|Any CPU
		{6ED58CEF-D6D3-4242-9D0D-89822DDA21F3}.Release|Any CPU.Build.0 = Release|Any CPU
	EndGlobalSection
	GlobalSection(SolutionProperties) = preSolution
		HideSolutionNode = FALSE
	EndGlobalSection
	GlobalSection(ExtensibilityGlobals) = postSolution
		SolutionGuid = {3F02BA86-BDE0-40E8-885F-FAB683EDFB64}
	EndGlobalSection
EndGlobal
